
Microsoft Visual Studio Solution File, Format Version 12.00
# Visual Studio 2013
VisualStudioVersion = 12.0.31101.0
MinimumVisualStudioVersion = 10.0.40219.1
Project("{FAE04EC0-301F-11D3-BF4B-00C04F79EFBC}") = "UiTest", "UiTest\UiTest\UiTest.csproj", "{14B54BED-9923-4879-A5AC-9D54ED6BC3F1}"
EndProject
Project("{2150E333-8FDC-42A3-9474-1A3956D46DE8}") = ".nuget", ".nuget", "{94AC394C-69DA-4295-A524-0A8A7974C8B4}"
	ProjectSection(SolutionItems) = preProject
		.nuget\NuGet.Config = .nuget\NuGet.Config
		.nuget\NuGet.exe = .nuget\NuGet.exe
		.nuget\NuGet.targets = .nuget\NuGet.targets
	EndProjectSection
EndProject
Project("{FAE04EC0-301F-11D3-BF4B-00C04F79EFBC}") = "P2Crypt", "P2Crypt\P2Crypt\P2Crypt.csproj", "{6EE72055-E5BD-4F72-AC32-3F554AC395BB}"
EndProject
Project("{FAE04EC0-301F-11D3-BF4B-00C04F79EFBC}") = "P2Crypt.Tests", "P2Crypt\P2Crypt.Tests\P2Crypt.Tests.csproj", "{4DF1ED45-85A5-4D87-BB20-A0D7C2EA19FC}"
EndProject
Project("{FAE04EC0-301F-11D3-BF4B-00C04F79EFBC}") = "NetworkTest", "NetworkTest\NetworkTest\NetworkTest.csproj", "{93DBD9F2-F935-4532-8581-F9A0FE33989D}"
EndProject
Project("{FAE04EC0-301F-11D3-BF4B-00C04F79EFBC}") = "P2CCore", "P2CCore\P2CCore\P2CCore.csproj", "{DBE51873-F540-4852-9B2A-8186BC7BF50E}"
EndProject
Project("{FAE04EC0-301F-11D3-BF4B-00C04F79EFBC}") = "P2CCore.Tests", "P2CCore\P2CCore.Tests\P2CCore.Tests.csproj", "{08139889-8562-435B-8DA5-4A04D4C6DAD9}"
EndProject
Project("{FAE04EC0-301F-11D3-BF4B-00C04F79EFBC}") = "P2CCommon", "P2CCommon\P2CCommon\P2CCommon.csproj", "{9073D64B-DD36-4982-8543-48E732B7D2FE}"
EndProject
Project("{FAE04EC0-301F-11D3-BF4B-00C04F79EFBC}") = "P2CCommon.Tests", "P2CCommon\P2CCommon.Tests\P2CCommon.Tests.csproj", "{F096C03B-9B8F-46E9-82EE-136DF2808E9C}"
EndProject
Global
	GlobalSection(SolutionConfigurationPlatforms) = preSolution
		Debug|Any CPU = Debug|Any CPU
		Release|Any CPU = Release|Any CPU
	EndGlobalSection
	GlobalSection(ProjectConfigurationPlatforms) = postSolution
		{14B54BED-9923-4879-A5AC-9D54ED6BC3F1}.Debug|Any CPU.ActiveCfg = Debug|Any CPU
		{14B54BED-9923-4879-A5AC-9D54ED6BC3F1}.Debug|Any CPU.Build.0 = Debug|Any CPU
		{14B54BED-9923-4879-A5AC-9D54ED6BC3F1}.Release|Any CPU.ActiveCfg = Release|Any CPU
		{14B54BED-9923-4879-A5AC-9D54ED6BC3F1}.Release|Any CPU.Build.0 = Release|Any CPU
		{6EE72055-E5BD-4F72-AC32-3F554AC395BB}.Debug|Any CPU.ActiveCfg = Debug|Any CPU
		{6EE72055-E5BD-4F72-AC32-3F554AC395BB}.Debug|Any CPU.Build.0 = Debug|Any CPU
		{6EE72055-E5BD-4F72-AC32-3F554AC395BB}.Release|Any CPU.ActiveCfg = Release|Any CPU
		{6EE72055-E5BD-4F72-AC32-3F554AC395BB}.Release|Any CPU.Build.0 = Release|Any CPU
		{4DF1ED45-85A5-4D87-BB20-A0D7C2EA19FC}.Debug|Any CPU.ActiveCfg = Debug|Any CPU
		{4DF1ED45-85A5-4D87-BB20-A0D7C2EA19FC}.Debug|Any CPU.Build.0 = Debug|Any CPU
		{4DF1ED45-85A5-4D87-BB20-A0D7C2EA19FC}.Release|Any CPU.ActiveCfg = Release|Any CPU
		{4DF1ED45-85A5-4D87-BB20-A0D7C2EA19FC}.Release|Any CPU.Build.0 = Release|Any CPU
		{93DBD9F2-F935-4532-8581-F9A0FE33989D}.Debug|Any CPU.ActiveCfg = Debug|Any CPU
		{93DBD9F2-F935-4532-8581-F9A0FE33989D}.Debug|Any CPU.Build.0 = Debug|Any CPU
		{93DBD9F2-F935-4532-8581-F9A0FE33989D}.Release|Any CPU.ActiveCfg = Release|Any CPU
		{93DBD9F2-F935-4532-8581-F9A0FE33989D}.Release|Any CPU.Build.0 = Release|Any CPU
		{DBE51873-F540-4852-9B2A-8186BC7BF50E}.Debug|Any CPU.ActiveCfg = Debug|Any CPU
		{DBE51873-F540-4852-9B2A-8186BC7BF50E}.Debug|Any CPU.Build.0 = Debug|Any CPU
		{DBE51873-F540-4852-9B2A-8186BC7BF50E}.Release|Any CPU.ActiveCfg = Release|Any CPU
		{DBE51873-F540-4852-9B2A-8186BC7BF50E}.Release|Any CPU.Build.0 = Release|Any CPU
		{08139889-8562-435B-8DA5-4A04D4C6DAD9}.Debug|Any CPU.ActiveCfg = Debug|Any CPU
		{08139889-8562-435B-8DA5-4A04D4C6DAD9}.Debug|Any CPU.Build.0 = Debug|Any CPU
		{08139889-8562-435B-8DA5-4A04D4C6DAD9}.Release|Any CPU.ActiveCfg = Release|Any CPU
		{08139889-8562-435B-8DA5-4A04D4C6DAD9}.Release|Any CPU.Build.0 = Release|Any CPU
		{9073D64B-DD36-4982-8543-48E732B7D2FE}.Debug|Any CPU.ActiveCfg = Debug|Any CPU
		{9073D64B-DD36-4982-8543-48E732B7D2FE}.Debug|Any CPU.Build.0 = Debug|Any CPU
		{9073D64B-DD36-4982-8543-48E732B7D2FE}.Release|Any CPU.ActiveCfg = Release|Any CPU
		{9073D64B-DD36-4982-8543-48E732B7D2FE}.Release|Any CPU.Build.0 = Release|Any CPU
		{F096C03B-9B8F-46E9-82EE-136DF2808E9C}.Debug|Any CPU.ActiveCfg = Debug|Any CPU
		{F096C03B-9B8F-46E9-82EE-136DF2808E9C}.Debug|Any CPU.Build.0 = Debug|Any CPU
		{F096C03B-9B8F-46E9-82EE-136DF2808E9C}.Release|Any CPU.ActiveCfg = Release|Any CPU
		{F096C03B-9B8F-46E9-82EE-136DF2808E9C}.Release|Any CPU.Build.0 = Release|Any CPU
	EndGlobalSection
	GlobalSection(SolutionProperties) = preSolution
		HideSolutionNode = FALSE
	EndGlobalSection
EndGlobal
